
Microsoft Visual Studio Solution File, Format Version 12.00
# Visual Studio Version 17
VisualStudioVersion = 17.11.35327.3
MinimumVisualStudioVersion = 10.0.40219.1
Project("{FAE04EC0-301F-11D3-BF4B-00C04F79EFBC}") = "TicketingAPI", "TicketingAPI\TicketingAPI.csproj", "{D61B4A33-4E75-4521-AEC2-D8663E4ACC8E}"
EndProject
Global
	GlobalSection(SolutionConfigurationPlatforms) = preSolution
		Debug|Any CPU = Debug|Any CPU
		Release|Any CPU = Release|Any CPU
	EndGlobalSection
	GlobalSection(ProjectConfigurationPlatforms) = postSolution
		{D61B4A33-4E75-4521-AEC2-D8663E4ACC8E}.Debug|Any CPU.ActiveCfg = Debug|Any CPU
		{D61B4A33-4E75-4521-AEC2-D8663E4ACC8E}.Debug|Any CPU.Build.0 = Debug|Any CPU
		{D61B4A33-4E75-4521-AEC2-D8663E4ACC8E}.Release|Any CPU.ActiveCfg = Release|Any CPU
		{D61B4A33-4E75-4521-AEC2-D8663E4ACC8E}.Release|Any CPU.Build.0 = Release|Any CPU
	EndGlobalSection
	GlobalSection(SolutionProperties) = preSolution
		HideSolutionNode = FALSE
	EndGlobalSection
	GlobalSection(ExtensibilityGlobals) = postSolution
		SolutionGuid = {D3B440A4-7F69-428A-9AF6-9E446BC9953E}
	EndGlobalSection
EndGlobal
